# @generated - this file is auto-generated by `mise lock` https://mise.en.dev/dev-tools/mise-lock.html

[conda-packages.linux-arm64."_openmp_mutex-4.5-20_gnu"]
url = "https://conda.anaconda.org/conda-forge/linux-aarch64/_openmp_mutex-4.5-20_gnu.conda"
checksum = "sha256:a2527b1d81792a0ccd2c05850960df119c2b6d8f5fdec97f2db7d25dc23b1068"

[conda-packages.linux-arm64."libgcc-15.2.0-h8acb6b2_19"]
url = "https://conda.anaconda.org/conda-forge/linux-aarch64/libgcc-15.2.0-h8acb6b2_19.conda"
checksum = "sha256:4592b096e553f67799ae70d4b6167eeda3ec74587d68c7aecbf4e7b1df136681"

[conda-packages.linux-arm64."libgomp-15.2.0-h8acb6b2_19"]
url = "https://conda.anaconda.org/conda-forge/linux-aarch64/libgomp-15.2.0-h8acb6b2_19.conda"
checksum = "sha256:2370ef0ffcbae5bede3c4bf136add4abc257245eb91f724c99bb4a43116c5a83"

[conda-packages.linux-arm64."liblzma-5.8.3-he30d5cf_0"]
url = "https://conda.anaconda.org/conda-forge/linux-aarch64/liblzma-5.8.3-he30d5cf_0.conda"
checksum = "sha256:d61962b9cd54c3554361550203c64d5b65b71e3058a285b66e4b04b9769f0a5c"

[conda-packages.linux-arm64."libstdcxx-15.2.0-hef695bb_19"]
url = "https://conda.anaconda.org/conda-forge/linux-aarch64/libstdcxx-15.2.0-hef695bb_19.conda"
checksum = "sha256:1dadc45e599f510dd5f97141dddcdbb9844d9f1430c1f3a38075cf1c58f87b4e"

[conda-packages.linux-arm64-musl."_openmp_mutex-4.5-20_gnu"]
url = "https://conda.anaconda.org/conda-forge/linux-aarch64/_openmp_mutex-4.5-20_gnu.conda"
checksum = "sha256:a2527b1d81792a0ccd2c05850960df119c2b6d8f5fdec97f2db7d25dc23b1068"

[conda-packages.linux-arm64-musl."libgcc-15.2.0-h8acb6b2_19"]
url = "https://conda.anaconda.org/conda-forge/linux-aarch64/libgcc-15.2.0-h8acb6b2_19.conda"
checksum = "sha256:4592b096e553f67799ae70d4b6167eeda3ec74587d68c7aecbf4e7b1df136681"

[conda-packages.linux-arm64-musl."libgomp-15.2.0-h8acb6b2_19"]
url = "https://conda.anaconda.org/conda-forge/linux-aarch64/libgomp-15.2.0-h8acb6b2_19.conda"
checksum = "sha256:2370ef0ffcbae5bede3c4bf136add4abc257245eb91f724c99bb4a43116c5a83"

[conda-packages.linux-arm64-musl."liblzma-5.8.3-he30d5cf_0"]
url = "https://conda.anaconda.org/conda-forge/linux-aarch64/liblzma-5.8.3-he30d5cf_0.conda"
checksum = "sha256:d61962b9cd54c3554361550203c64d5b65b71e3058a285b66e4b04b9769f0a5c"

[conda-packages.linux-arm64-musl."libstdcxx-15.2.0-hef695bb_19"]
url = "https://conda.anaconda.org/conda-forge/linux-aarch64/libstdcxx-15.2.0-hef695bb_19.conda"
checksum = "sha256:1dadc45e599f510dd5f97141dddcdbb9844d9f1430c1f3a38075cf1c58f87b4e"

[conda-packages.macos-arm64."libcxx-22.1.8-h55c6f16_0"]
url = "https://conda.anaconda.org/conda-forge/osx-arm64/libcxx-22.1.8-h55c6f16_0.conda"
checksum = "sha256:a2e7abab5add9750fab064c024394de48e49f97631c605ad5db5c8ac3fc769ef"

[conda-packages.macos-arm64."liblzma-5.8.3-h8088a28_0"]
url = "https://conda.anaconda.org/conda-forge/osx-arm64/liblzma-5.8.3-h8088a28_0.conda"
checksum = "sha256:34878d87275c298f1a732c6806349125cebbf340d24c6c23727268184bba051e"

[conda-packages.macos-x64."libcxx-22.1.8-h19cb2f5_0"]
url = "https://conda.anaconda.org/conda-forge/osx-64/libcxx-22.1.8-h19cb2f5_0.conda"
checksum = "sha256:57ee997f1f800cf38abc743c0f0a9ddfe6a101c697c35510452ce6f4ddf96361"

[conda-packages.macos-x64."liblzma-5.8.3-hbb4bfdb_0"]
url = "https://conda.anaconda.org/conda-forge/osx-64/liblzma-5.8.3-hbb4bfdb_0.conda"
checksum = "sha256:d9e2006051529aec5578c6efeb13bb6a7200a014b2d5a77a579e83a8049d5f3c"

[conda-packages.windows-x64."liblzma-5.8.3-hfd05255_0"]
url = "https://conda.anaconda.org/conda-forge/win-64/liblzma-5.8.3-hfd05255_0.conda"
checksum = "sha256:d636d1a25234063642f9c531a7bb58d84c1c496411280a36ea000bd122f078f1"

[conda-packages.windows-x64."ucrt-10.0.26100.0-h57928b3_0"]
url = "https://conda.anaconda.org/conda-forge/win-64/ucrt-10.0.26100.0-h57928b3_0.conda"
checksum = "sha256:3005729dce6f3d3f5ec91dfc49fc75a0095f9cd23bab49efb899657297ac91a5"

[conda-packages.windows-x64."vc-14.5-h1b7c187_39"]
url = "https://conda.anaconda.org/conda-forge/win-64/vc-14.5-h1b7c187_39.conda"
checksum = "sha256:17693b60cb54f80c60275f003f3bfc1b128af56dbfd65c4fae37c64eeb755ce1"

[conda-packages.windows-x64."vc14_runtime-14.51.36231-h1b9f54f_39"]
url = "https://conda.anaconda.org/conda-forge/win-64/vc14_runtime-14.51.36231-h1b9f54f_39.conda"
checksum = "sha256:8153ed849c92e891eacac0f2f8d7ecb79f9b5fd7f7917fbb896f252a60a40390"

[conda-packages.windows-x64."vcomp14-14.51.36231-h1b9f54f_39"]
url = "https://conda.anaconda.org/conda-forge/win-64/vcomp14-14.51.36231-h1b9f54f_39.conda"
checksum = "sha256:07fb14713c4bc62e2533a2e23a363abfb0e65650681fba0ae4c840e2219350f3"

[[tools."conda:7zip"]]
version = "26.02"
backend = "conda:7zip"

[tools."conda:7zip".options]
channel = "conda-forge"

[tools."conda:7zip"."platforms.linux-arm64"]
checksum = "sha256:87cf92f9af864bb01c34eccc5cc4e812bf079155dab70f1729c0438840c88b8c"
url = "https://conda.anaconda.org/conda-forge/linux-aarch64/7zip-26.02-hdc560ac_0.conda"
conda_deps = [
    "libstdcxx-15.2.0-hef695bb_19",
    "libgcc-15.2.0-h8acb6b2_19",
    "_openmp_mutex-4.5-20_gnu",
    "libgomp-15.2.0-h8acb6b2_19",
]

[tools."conda:7zip"."platforms.linux-arm64-musl"]
checksum = "sha256:87cf92f9af864bb01c34eccc5cc4e812bf079155dab70f1729c0438840c88b8c"
url = "https://conda.anaconda.org/conda-forge/linux-aarch64/7zip-26.02-hdc560ac_0.conda"
conda_deps = [
    "libstdcxx-15.2.0-hef695bb_19",
    "libgcc-15.2.0-h8acb6b2_19",
    "_openmp_mutex-4.5-20_gnu",
    "libgomp-15.2.0-h8acb6b2_19",
]

[tools."conda:7zip"."platforms.macos-arm64"]
checksum = "sha256:9aa939c0a2dd176e2d05a8e33fbad01561a77dd7d1f9066ed597ef68b090ea89"
url = "https://conda.anaconda.org/conda-forge/osx-arm64/7zip-26.02-h3feff0a_0.conda"
conda_deps = ["libcxx-22.1.8-h55c6f16_0"]

[tools."conda:7zip"."platforms.macos-x64"]
checksum = "sha256:b4ed3e0badc664880a6efc0528d1bc8470e90688391fc84f2dd78310d97291c2"
url = "https://conda.anaconda.org/conda-forge/osx-64/7zip-26.02-hebe015c_0.conda"
conda_deps = ["libcxx-22.1.8-h19cb2f5_0"]

[tools."conda:7zip"."platforms.windows-x64"]
checksum = "sha256:fb8a7a2e57a504f87fc87ef658ac3b70df977bbde09831d3f081d695ef52b07f"
url = "https://conda.anaconda.org/conda-forge/win-64/7zip-26.02-h477610d_0.conda"
conda_deps = [
    "vc-14.5-h1b7c187_39",
    "vc14_runtime-14.51.36231-h1b9f54f_39",
    "vcomp14-14.51.36231-h1b9f54f_39",
    "ucrt-10.0.26100.0-h57928b3_0",
]

[[tools."conda:xz-tools"]]
version = "5.8.3"
backend = "conda:xz-tools"

[tools."conda:xz-tools".options]
channel = "conda-forge"

[tools."conda:xz-tools"."platforms.linux-arm64"]
checksum = "sha256:86d48bb0ac214d1d72e05e765523d5847f3ccd872c142304d3c307cc95c93881"
url = "https://conda.anaconda.org/conda-forge/linux-aarch64/xz-tools-5.8.3-he30d5cf_0.conda"
conda_deps = [
    "liblzma-5.8.3-he30d5cf_0",
    "libgcc-15.2.0-h8acb6b2_19",
    "_openmp_mutex-4.5-20_gnu",
    "libgomp-15.2.0-h8acb6b2_19",
]

[tools."conda:xz-tools"."platforms.linux-arm64-musl"]
checksum = "sha256:86d48bb0ac214d1d72e05e765523d5847f3ccd872c142304d3c307cc95c93881"
url = "https://conda.anaconda.org/conda-forge/linux-aarch64/xz-tools-5.8.3-he30d5cf_0.conda"
conda_deps = [
    "liblzma-5.8.3-he30d5cf_0",
    "libgcc-15.2.0-h8acb6b2_19",
    "_openmp_mutex-4.5-20_gnu",
    "libgomp-15.2.0-h8acb6b2_19",
]

[tools."conda:xz-tools"."platforms.macos-arm64"]
checksum = "sha256:beb7fb34d5517cce06f5f89710de7108a8ca65ed9c0324269fc0446807bcbd91"
url = "https://conda.anaconda.org/conda-forge/osx-arm64/xz-tools-5.8.3-h8088a28_0.conda"
conda_deps = ["liblzma-5.8.3-h8088a28_0"]

[tools."conda:xz-tools"."platforms.macos-x64"]
checksum = "sha256:57fc818b986bf86c5dec503047d5ba2f97bf76f2de225a3e6fea0c87c6e973dd"
url = "https://conda.anaconda.org/conda-forge/osx-64/xz-tools-5.8.3-hbb4bfdb_0.conda"
conda_deps = ["liblzma-5.8.3-hbb4bfdb_0"]

[tools."conda:xz-tools"."platforms.windows-x64"]
checksum = "sha256:96b8212ff33dd8a1df8c0f69c0ad7b3551496c3068576408c0bedf9260febae2"
url = "https://conda.anaconda.org/conda-forge/win-64/xz-tools-5.8.3-hfd05255_0.conda"
conda_deps = [
    "liblzma-5.8.3-hfd05255_0",
    "ucrt-10.0.26100.0-h57928b3_0",
    "vc-14.5-h1b7c187_39",
    "vc14_runtime-14.51.36231-h1b9f54f_39",
    "vcomp14-14.51.36231-h1b9f54f_39",
]

[[tools.elixir]]
version = "1.20.0-otp-29"
backend = "core:elixir"

[tools.elixir."platforms.linux-arm64"]
checksum = "sha256:eb04bbe0748cfc1414081a005c711a102d0b3f551ff96cc8cff81b0e7d468f19"
url = "https://builds.hex.pm/builds/elixir/v1.20.0-otp-29.zip"

[tools.elixir."platforms.linux-arm64-musl"]
checksum = "sha256:eb04bbe0748cfc1414081a005c711a102d0b3f551ff96cc8cff81b0e7d468f19"
url = "https://builds.hex.pm/builds/elixir/v1.20.0-otp-29.zip"

[tools.elixir."platforms.linux-x64"]
checksum = "sha256:eb04bbe0748cfc1414081a005c711a102d0b3f551ff96cc8cff81b0e7d468f19"
url = "https://builds.hex.pm/builds/elixir/v1.20.0-otp-29.zip"

[tools.elixir."platforms.linux-x64-musl"]
checksum = "sha256:eb04bbe0748cfc1414081a005c711a102d0b3f551ff96cc8cff81b0e7d468f19"
url = "https://builds.hex.pm/builds/elixir/v1.20.0-otp-29.zip"

[tools.elixir."platforms.macos-arm64"]
checksum = "sha256:eb04bbe0748cfc1414081a005c711a102d0b3f551ff96cc8cff81b0e7d468f19"
url = "https://builds.hex.pm/builds/elixir/v1.20.0-otp-29.zip"

[tools.elixir."platforms.macos-x64"]
checksum = "sha256:eb04bbe0748cfc1414081a005c711a102d0b3f551ff96cc8cff81b0e7d468f19"
url = "https://builds.hex.pm/builds/elixir/v1.20.0-otp-29.zip"

[tools.elixir."platforms.windows-x64"]
checksum = "sha256:eb04bbe0748cfc1414081a005c711a102d0b3f551ff96cc8cff81b0e7d468f19"
url = "https://builds.hex.pm/builds/elixir/v1.20.0-otp-29.zip"

[[tools.erlang]]
version = "29.0.1"
backend = "core:erlang"

[tools.erlang.options]
precompiled = "if_available"

[tools.erlang."platforms.macos-arm64"]
checksum = "sha256:dcf77d4a0e96c31582b27f1f77f1396d7781a1e0ac53e3840af69c5799870893"
url = "https://github.com/erlef/otp_builds/releases/download/OTP-29.0.1/otp-aarch64-apple-darwin.tar.gz"
url_api = "https://api.github.com/repos/erlef/otp_builds/releases/assets/430925892"

[tools.erlang."platforms.macos-x64"]
checksum = "sha256:7d9c09a07f856530f5a9bcc2c2d1c66baaa79bd0afd6947fd7059cfad3c177e2"
url = "https://github.com/erlef/otp_builds/releases/download/OTP-29.0.1/otp-x86_64-apple-darwin.tar.gz"
url_api = "https://api.github.com/repos/erlef/otp_builds/releases/assets/430931156"

[tools.erlang."platforms.windows-x64"]
checksum = "sha256:0fdb308187823d8b1cd2e2b8a79eeb4599e06997c017e8b7ff942090c5498a68"
url = "https://github.com/erlang/otp/releases/download/OTP-29.0.1/otp_win64_29.0.1.zip"
url_api = "https://api.github.com/repos/erlang/otp/releases/assets/431047524"

[[tools.erlang]]
version = "29.0.1"
backend = "core:erlang"

[tools.erlang.options]
precompiled = "if_available"
precompiled_os = "ubuntu-24.04"

[tools.erlang."platforms.linux-arm64"]
url = "https://builds.hex.pm/builds/otp/arm64/ubuntu-24.04/OTP-29.0.1.tar.gz"

[tools.erlang."platforms.linux-x64"]
url = "https://builds.hex.pm/builds/otp/amd64/ubuntu-24.04/OTP-29.0.1.tar.gz"

[[tools.zig]]
version = "0.15.2"
backend = "core:zig"

[tools.zig."platforms.linux-arm64"]
checksum = "sha256:958ed7d1e00d0ea76590d27666efbf7a932281b3d7ba0c6b01b0ff26498f667f"
url = "https://ziglang.org/download/0.15.2/zig-aarch64-linux-0.15.2.tar.xz"

[tools.zig."platforms.linux-arm64-musl"]
checksum = "sha256:958ed7d1e00d0ea76590d27666efbf7a932281b3d7ba0c6b01b0ff26498f667f"
url = "https://ziglang.org/download/0.15.2/zig-aarch64-linux-0.15.2.tar.xz"

[tools.zig."platforms.linux-x64"]
checksum = "sha256:02aa270f183da276e5b5920b1dac44a63f1a49e55050ebde3aecc9eb82f93239"
url = "https://ziglang.org/download/0.15.2/zig-x86_64-linux-0.15.2.tar.xz"

[tools.zig."platforms.linux-x64-musl"]
checksum = "sha256:02aa270f183da276e5b5920b1dac44a63f1a49e55050ebde3aecc9eb82f93239"
url = "https://ziglang.org/download/0.15.2/zig-x86_64-linux-0.15.2.tar.xz"

[tools.zig."platforms.macos-arm64"]
checksum = "sha256:3cc2bab367e185cdfb27501c4b30b1b0653c28d9f73df8dc91488e66ece5fa6b"
url = "https://ziglang.org/download/0.15.2/zig-aarch64-macos-0.15.2.tar.xz"

[tools.zig."platforms.macos-x64"]
checksum = "sha256:375b6909fc1495d16fc2c7db9538f707456bfc3373b14ee83fdd3e22b3d43f7f"
url = "https://ziglang.org/download/0.15.2/zig-x86_64-macos-0.15.2.tar.xz"

[tools.zig."platforms.windows-x64"]
checksum = "sha256:3a0ed1e8799a2f8ce2a6e6290a9ff22e6906f8227865911fb7ddedc3cc14cb0c"
url = "https://ziglang.org/download/0.15.2/zig-x86_64-windows-0.15.2.zip"
