# @generated - this file is auto-generated by `mise lock` https://mise.en.dev/dev-tools/mise-lock.html

lockfile_version = 2

[conda-packages.linux-arm64."_openmp_mutex-4.5-20_gnu"]
url = "https://conda.anaconda.org/conda-forge/linux-aarch64/_openmp_mutex-4.5-20_gnu.conda"
checksum = "sha256:a2527b1d81792a0ccd2c05850960df119c2b6d8f5fdec97f2db7d25dc23b1068"

[conda-packages.linux-arm64."libgcc-16.2.0-h205dda4_7"]
url = "https://conda.anaconda.org/conda-forge/linux-aarch64/libgcc-16.2.0-h205dda4_7.conda"
checksum = "sha256:eae7a3449d5a3b5351c5427137c076cc3fc826645c7bfc42dc10772b783826f1"

[conda-packages.linux-arm64."libgomp-16.2.0-h8acb6b2_7"]
url = "https://conda.anaconda.org/conda-forge/linux-aarch64/libgomp-16.2.0-h8acb6b2_7.conda"
checksum = "sha256:4406fd67c5beeb99b9372f9bf07aa3e40ca141e337eceebac3ff64aa72799494"

[conda-packages.linux-arm64."liblzma-5.8.3-he30d5cf_1"]
url = "https://conda.anaconda.org/conda-forge/linux-aarch64/liblzma-5.8.3-he30d5cf_1.conda"
checksum = "sha256:f760669fd1cea27f689f411c0d5488e26ce50e382c9b63e4ad348f959850124a"

[conda-packages.linux-arm64."libstdcxx-16.2.0-hef695bb_7"]
url = "https://conda.anaconda.org/conda-forge/linux-aarch64/libstdcxx-16.2.0-hef695bb_7.conda"
checksum = "sha256:b241a3acfa9cdb1359112864a1241225533c92642de3000d52ae65ef5d3a9786"

[conda-packages.linux-arm64-musl."_openmp_mutex-4.5-20_gnu"]
url = "https://conda.anaconda.org/conda-forge/linux-aarch64/_openmp_mutex-4.5-20_gnu.conda"
checksum = "sha256:a2527b1d81792a0ccd2c05850960df119c2b6d8f5fdec97f2db7d25dc23b1068"

[conda-packages.linux-arm64-musl."libgcc-16.2.0-h205dda4_7"]
url = "https://conda.anaconda.org/conda-forge/linux-aarch64/libgcc-16.2.0-h205dda4_7.conda"
checksum = "sha256:eae7a3449d5a3b5351c5427137c076cc3fc826645c7bfc42dc10772b783826f1"

[conda-packages.linux-arm64-musl."libgomp-16.2.0-h8acb6b2_7"]
url = "https://conda.anaconda.org/conda-forge/linux-aarch64/libgomp-16.2.0-h8acb6b2_7.conda"
checksum = "sha256:4406fd67c5beeb99b9372f9bf07aa3e40ca141e337eceebac3ff64aa72799494"

[conda-packages.linux-arm64-musl."liblzma-5.8.3-he30d5cf_1"]
url = "https://conda.anaconda.org/conda-forge/linux-aarch64/liblzma-5.8.3-he30d5cf_1.conda"
checksum = "sha256:f760669fd1cea27f689f411c0d5488e26ce50e382c9b63e4ad348f959850124a"

[conda-packages.linux-arm64-musl."libstdcxx-16.2.0-hef695bb_7"]
url = "https://conda.anaconda.org/conda-forge/linux-aarch64/libstdcxx-16.2.0-hef695bb_7.conda"
checksum = "sha256:b241a3acfa9cdb1359112864a1241225533c92642de3000d52ae65ef5d3a9786"

[conda-packages.linux-x64."_openmp_mutex-4.5-20_gnu"]
url = "https://conda.anaconda.org/conda-forge/linux-64/_openmp_mutex-4.5-20_gnu.conda"
checksum = "sha256:1dd3fffd892081df9726d7eb7e0dea6198962ba775bd88842135a4ddb4deb3c9"

[conda-packages.linux-x64."libgcc-16.2.0-ha9f2e26_7"]
url = "https://conda.anaconda.org/conda-forge/linux-64/libgcc-16.2.0-ha9f2e26_7.conda"
checksum = "sha256:e031634c3a928f9594eba868bc46ef5230d6571a364a0c63215b06c4563bfcea"

[conda-packages.linux-x64."libgomp-16.2.0-he0feb66_7"]
url = "https://conda.anaconda.org/conda-forge/linux-64/libgomp-16.2.0-he0feb66_7.conda"
checksum = "sha256:92a0bb350c7be6a4eedcb4e111c60aefd176018e6b1c009a6e025dbe9bbcd758"

[conda-packages.linux-x64."liblzma-5.8.3-hb03c661_1"]
url = "https://conda.anaconda.org/conda-forge/linux-64/liblzma-5.8.3-hb03c661_1.conda"
checksum = "sha256:9787df8c22a59c9a70d3e5a10db9ad663485e75e9ccc3f09bd092cb7b95e0dab"

[conda-packages.linux-x64."libstdcxx-16.2.0-h934c35e_7"]
url = "https://conda.anaconda.org/conda-forge/linux-64/libstdcxx-16.2.0-h934c35e_7.conda"
checksum = "sha256:fa7018298629fc429971fffd6ecba3d27a7b02e4e890d6a93ea01ffebe8cb745"

[conda-packages.linux-x64-musl."_openmp_mutex-4.5-20_gnu"]
url = "https://conda.anaconda.org/conda-forge/linux-64/_openmp_mutex-4.5-20_gnu.conda"
checksum = "sha256:1dd3fffd892081df9726d7eb7e0dea6198962ba775bd88842135a4ddb4deb3c9"

[conda-packages.linux-x64-musl."libgcc-16.2.0-ha9f2e26_7"]
url = "https://conda.anaconda.org/conda-forge/linux-64/libgcc-16.2.0-ha9f2e26_7.conda"
checksum = "sha256:e031634c3a928f9594eba868bc46ef5230d6571a364a0c63215b06c4563bfcea"

[conda-packages.linux-x64-musl."libgomp-16.2.0-he0feb66_7"]
url = "https://conda.anaconda.org/conda-forge/linux-64/libgomp-16.2.0-he0feb66_7.conda"
checksum = "sha256:92a0bb350c7be6a4eedcb4e111c60aefd176018e6b1c009a6e025dbe9bbcd758"

[conda-packages.linux-x64-musl."liblzma-5.8.3-hb03c661_1"]
url = "https://conda.anaconda.org/conda-forge/linux-64/liblzma-5.8.3-hb03c661_1.conda"
checksum = "sha256:9787df8c22a59c9a70d3e5a10db9ad663485e75e9ccc3f09bd092cb7b95e0dab"

[conda-packages.linux-x64-musl."libstdcxx-16.2.0-h934c35e_7"]
url = "https://conda.anaconda.org/conda-forge/linux-64/libstdcxx-16.2.0-h934c35e_7.conda"
checksum = "sha256:fa7018298629fc429971fffd6ecba3d27a7b02e4e890d6a93ea01ffebe8cb745"

[conda-packages.macos-arm64."libcxx-23.1.2-h55c6f16_0"]
url = "https://conda.anaconda.org/conda-forge/osx-arm64/libcxx-23.1.2-h55c6f16_0.conda"
checksum = "sha256:087a610bacee7901d259ef72c6f060d795ab26831bd7541ba75ced786a5a63f9"

[conda-packages.macos-arm64."liblzma-5.8.3-h8088a28_1"]
url = "https://conda.anaconda.org/conda-forge/osx-arm64/liblzma-5.8.3-h8088a28_1.conda"
checksum = "sha256:23d0630046a3e8b164d8f80f2b74ed2605af2e7050ab9913018056402fae4311"

[conda-packages.macos-x64."libcxx-23.1.2-h19cb2f5_0"]
url = "https://conda.anaconda.org/conda-forge/osx-64/libcxx-23.1.2-h19cb2f5_0.conda"
checksum = "sha256:0ad8c788c3681674f100820cf5e76fcc8ec88502e7aa64f4776581985009a7be"

[conda-packages.macos-x64."liblzma-5.8.3-hbb4bfdb_1"]
url = "https://conda.anaconda.org/conda-forge/osx-64/liblzma-5.8.3-hbb4bfdb_1.conda"
checksum = "sha256:7915dac7c71c208e40e716e2f6d3eff41a8d5584e0e7c2d46f9bf9bd5f9aa739"

[conda-packages.windows-x64."liblzma-5.8.3-hfd05255_0"]
url = "https://conda.anaconda.org/conda-forge/win-64/liblzma-5.8.3-hfd05255_0.conda"
checksum = "sha256:d636d1a25234063642f9c531a7bb58d84c1c496411280a36ea000bd122f078f1"

[conda-packages.windows-x64."ucrt-10.0.26100.0-h57928b3_0"]
url = "https://conda.anaconda.org/conda-forge/win-64/ucrt-10.0.26100.0-h57928b3_0.conda"
checksum = "sha256:3005729dce6f3d3f5ec91dfc49fc75a0095f9cd23bab49efb899657297ac91a5"

[conda-packages.windows-x64."vc-14.5-ha367084_41"]
url = "https://conda.anaconda.org/conda-forge/win-64/vc-14.5-ha367084_41.conda"
checksum = "sha256:35444c55a92e2f7f7ba26bc70f81e56e52344f7d064c0fd4b40a46a58517b79c"

[conda-packages.windows-x64."vc14_runtime-14.51.36247-habf1de7_41"]
url = "https://conda.anaconda.org/conda-forge/win-64/vc14_runtime-14.51.36247-habf1de7_41.conda"
checksum = "sha256:4e4cb599cdc41bf2109d1464c127b5bcbddf548ce3e322e612afb691338b48f8"

[conda-packages.windows-x64."vcomp14-14.51.36247-habf1de7_41"]
url = "https://conda.anaconda.org/conda-forge/win-64/vcomp14-14.51.36247-habf1de7_41.conda"
checksum = "sha256:731e043390c9457299484d39e427221fc868a9249540a498a5a4f6456c7744d1"

[[tools."conda:7zip"]]
version = "26.03"
backend = "conda:7zip"
specifiers = ["latest"]

[tools."conda:7zip".options]
channel = "conda-forge"

[tools."conda:7zip"."platforms.linux-arm64"]
checksum = "sha256:0e78ca245fd54dd4c5701f62827ced3123ddc495a8c5c39817e979adcf4516c4"
url = "https://conda.anaconda.org/conda-forge/linux-aarch64/7zip-26.03-h45ce4d5_0.conda"
conda_deps = [
    "libstdcxx-16.2.0-hef695bb_7",
    "libgcc-16.2.0-h205dda4_7",
    "_openmp_mutex-4.5-20_gnu",
    "libgomp-16.2.0-h8acb6b2_7",
]

[tools."conda:7zip"."platforms.linux-arm64-musl"]
checksum = "sha256:0e78ca245fd54dd4c5701f62827ced3123ddc495a8c5c39817e979adcf4516c4"
url = "https://conda.anaconda.org/conda-forge/linux-aarch64/7zip-26.03-h45ce4d5_0.conda"
conda_deps = [
    "libstdcxx-16.2.0-hef695bb_7",
    "libgcc-16.2.0-h205dda4_7",
    "_openmp_mutex-4.5-20_gnu",
    "libgomp-16.2.0-h8acb6b2_7",
]

[tools."conda:7zip"."platforms.linux-x64"]
checksum = "sha256:e09b35d799977cfc7af08b8327bb0410238cdd96559cc686c42310a6a30c7910"
url = "https://conda.anaconda.org/conda-forge/linux-64/7zip-26.03-h4dbf13b_0.conda"
conda_deps = [
    "libstdcxx-16.2.0-h934c35e_7",
    "libgcc-16.2.0-ha9f2e26_7",
    "_openmp_mutex-4.5-20_gnu",
    "libgomp-16.2.0-he0feb66_7",
]

[tools."conda:7zip"."platforms.linux-x64-musl"]
checksum = "sha256:e09b35d799977cfc7af08b8327bb0410238cdd96559cc686c42310a6a30c7910"
url = "https://conda.anaconda.org/conda-forge/linux-64/7zip-26.03-h4dbf13b_0.conda"
conda_deps = [
    "libstdcxx-16.2.0-h934c35e_7",
    "libgcc-16.2.0-ha9f2e26_7",
    "_openmp_mutex-4.5-20_gnu",
    "libgomp-16.2.0-he0feb66_7",
]

[tools."conda:7zip"."platforms.macos-arm64"]
checksum = "sha256:d52e121dc0eeb59acff7dbb9be0b167ee2ce9dd7408c1e171876d78c2d811d08"
url = "https://conda.anaconda.org/conda-forge/osx-arm64/7zip-26.03-hfbe1efa_0.conda"
conda_deps = ["libcxx-23.1.2-h55c6f16_0"]

[tools."conda:7zip"."platforms.macos-x64"]
checksum = "sha256:2b4f990003eb0f3b3ee6d28ff12d9c70a8044152ed029da480afc18e29137e4e"
url = "https://conda.anaconda.org/conda-forge/osx-64/7zip-26.03-h66869c8_0.conda"
conda_deps = ["libcxx-23.1.2-h19cb2f5_0"]

[[tools."conda:xz-tools"]]
version = "5.8.3"
backend = "conda:xz-tools"
specifiers = ["latest"]

[tools."conda:xz-tools".options]
channel = "conda-forge"

[tools."conda:xz-tools"."platforms.linux-arm64"]
checksum = "sha256:1619ea83757336aaaac4cde221e4cd0982551c82def3276c91d0d53b0b7159db"
url = "https://conda.anaconda.org/conda-forge/linux-aarch64/xz-tools-5.8.3-he30d5cf_1.conda"
conda_deps = [
    "liblzma-5.8.3-he30d5cf_1",
    "libgcc-16.2.0-h205dda4_7",
    "_openmp_mutex-4.5-20_gnu",
    "libgomp-16.2.0-h8acb6b2_7",
]

[tools."conda:xz-tools"."platforms.linux-arm64-musl"]
checksum = "sha256:1619ea83757336aaaac4cde221e4cd0982551c82def3276c91d0d53b0b7159db"
url = "https://conda.anaconda.org/conda-forge/linux-aarch64/xz-tools-5.8.3-he30d5cf_1.conda"
conda_deps = [
    "liblzma-5.8.3-he30d5cf_1",
    "libgcc-16.2.0-h205dda4_7",
    "_openmp_mutex-4.5-20_gnu",
    "libgomp-16.2.0-h8acb6b2_7",
]

[tools."conda:xz-tools"."platforms.linux-x64"]
checksum = "sha256:c74fa3eddd3ea648456517948f85068d8a07acad7752fd83c7e95b6cebb7114a"
url = "https://conda.anaconda.org/conda-forge/linux-64/xz-tools-5.8.3-hb03c661_1.conda"
conda_deps = [
    "liblzma-5.8.3-hb03c661_1",
    "libgcc-16.2.0-ha9f2e26_7",
    "_openmp_mutex-4.5-20_gnu",
    "libgomp-16.2.0-he0feb66_7",
]

[tools."conda:xz-tools"."platforms.linux-x64-musl"]
checksum = "sha256:c74fa3eddd3ea648456517948f85068d8a07acad7752fd83c7e95b6cebb7114a"
url = "https://conda.anaconda.org/conda-forge/linux-64/xz-tools-5.8.3-hb03c661_1.conda"
conda_deps = [
    "liblzma-5.8.3-hb03c661_1",
    "libgcc-16.2.0-ha9f2e26_7",
    "_openmp_mutex-4.5-20_gnu",
    "libgomp-16.2.0-he0feb66_7",
]

[tools."conda:xz-tools"."platforms.macos-arm64"]
checksum = "sha256:aea9831ac6909a6d6624289acf04e4d336345eb77bc89a7380a82d848bb9be0f"
url = "https://conda.anaconda.org/conda-forge/osx-arm64/xz-tools-5.8.3-h8088a28_1.conda"
conda_deps = ["liblzma-5.8.3-h8088a28_1"]

[tools."conda:xz-tools"."platforms.macos-x64"]
checksum = "sha256:1cc3fcdc8ba2e69778f03e4912e32fab56870277a9325b753b1ef299bb9921b9"
url = "https://conda.anaconda.org/conda-forge/osx-64/xz-tools-5.8.3-hbb4bfdb_1.conda"
conda_deps = ["liblzma-5.8.3-hbb4bfdb_1"]

[tools."conda:xz-tools"."platforms.windows-x64"]
checksum = "sha256:96b8212ff33dd8a1df8c0f69c0ad7b3551496c3068576408c0bedf9260febae2"
url = "https://conda.anaconda.org/conda-forge/win-64/xz-tools-5.8.3-hfd05255_0.conda"
conda_deps = [
    "liblzma-5.8.3-hfd05255_0",
    "ucrt-10.0.26100.0-h57928b3_0",
    "vc-14.5-ha367084_41",
    "vc14_runtime-14.51.36247-habf1de7_41",
    "vcomp14-14.51.36247-habf1de7_41",
]

[[tools.elixir]]
version = "1.20.4-otp-29"
backend = "core:elixir"
specifiers = ["1.20.4-otp-29"]

[tools.elixir."platforms.linux-arm64"]
checksum = "sha256:7863c546cda13fecc949e562e326042451dacf8fd8698a36783cb71eeb223b46"
url = "https://builds.hex.pm/builds/elixir/v1.20.4-otp-29.zip"

[tools.elixir."platforms.linux-arm64-musl"]
checksum = "sha256:7863c546cda13fecc949e562e326042451dacf8fd8698a36783cb71eeb223b46"
url = "https://builds.hex.pm/builds/elixir/v1.20.4-otp-29.zip"

[tools.elixir."platforms.linux-x64"]
checksum = "sha256:7863c546cda13fecc949e562e326042451dacf8fd8698a36783cb71eeb223b46"
url = "https://builds.hex.pm/builds/elixir/v1.20.4-otp-29.zip"

[tools.elixir."platforms.linux-x64-musl"]
checksum = "sha256:7863c546cda13fecc949e562e326042451dacf8fd8698a36783cb71eeb223b46"
url = "https://builds.hex.pm/builds/elixir/v1.20.4-otp-29.zip"

[tools.elixir."platforms.macos-arm64"]
checksum = "sha256:7863c546cda13fecc949e562e326042451dacf8fd8698a36783cb71eeb223b46"
url = "https://builds.hex.pm/builds/elixir/v1.20.4-otp-29.zip"

[tools.elixir."platforms.macos-x64"]
checksum = "sha256:7863c546cda13fecc949e562e326042451dacf8fd8698a36783cb71eeb223b46"
url = "https://builds.hex.pm/builds/elixir/v1.20.4-otp-29.zip"

[[tools.erlang]]
version = "29.1.1"
backend = "core:erlang"
specifiers = ["29"]

[tools.erlang."platforms.linux-arm64-musl"]
checksum = "sha256:054e0143e39c780e091107fc9b345792a9c1a55f6bac1eca1c1101510fc06bf6"
url = "https://github.com/erlang/otp/releases/download/OTP-29.1.1/otp_src_29.1.1.tar.gz"
url_api = "https://api.github.com/repos/erlang/otp/releases/assets/581114879"
install = "source"

[tools.erlang."platforms.linux-x64-musl"]
checksum = "sha256:054e0143e39c780e091107fc9b345792a9c1a55f6bac1eca1c1101510fc06bf6"
url = "https://github.com/erlang/otp/releases/download/OTP-29.1.1/otp_src_29.1.1.tar.gz"
url_api = "https://api.github.com/repos/erlang/otp/releases/assets/581114879"
install = "source"

[tools.erlang."platforms.macos-arm64"]
checksum = "sha256:0e80f209b06d9d13cf3b5f7c07228d9561aff983e6e55ea9c8ebda085db286cc"
url = "https://github.com/erlef/otp_builds/releases/download/OTP-29.1.1/otp-aarch64-apple-darwin.tar.gz"
url_api = "https://api.github.com/repos/erlef/otp_builds/releases/assets/580922715"

[tools.erlang."platforms.macos-x64"]
checksum = "sha256:474373887e7a3395bbe033353be74113a59cfc9f3d1565ca740972c3b7c02aa0"
url = "https://github.com/erlef/otp_builds/releases/download/OTP-29.1.1/otp-x86_64-apple-darwin.tar.gz"
url_api = "https://api.github.com/repos/erlef/otp_builds/releases/assets/580936007"

[[tools.erlang]]
version = "29.1.1"
backend = "core:erlang"
specifiers = ["29"]

[tools.erlang.options]
precompiled_os = "ubuntu-24.04"

[tools.erlang."platforms.linux-arm64"]
checksum = "sha256:734946b92e9caf9866c2ee841f1d987cfa625cbee051a87ba4f3eaa8cab0fc7f"
url = "https://builds.hex.pm/builds/otp/arm64/ubuntu-24.04/OTP-29.1.1.tar.gz"

[tools.erlang."platforms.linux-x64"]
checksum = "sha256:35186bdae840028df621d14f3a75c68eb52eea90fabd500f7946a5d74bdaf11b"
url = "https://builds.hex.pm/builds/otp/amd64/ubuntu-24.04/OTP-29.1.1.tar.gz"

[[tools.packslip]]
version = "1.3.0"
backend = "packslip:packslip.dev"
specifiers = ["1"]

[tools.packslip."platforms.linux-arm64"]
checksum = "sha256:bd939d3c224c0b75d23bc6cdd6fe40e050b7eec6c08a6d565c58803fd8984cc6"
url = "https://packslip.dev/v1.3.0/packslip-v1.3.0-linux-arm64.tar.xz"
signer = "sigstore-oidc:https://github.com/jdx/packslip/.github/workflows/release.yml"

[tools.packslip."platforms.linux-x64"]
checksum = "sha256:0f6bcbd108261a6a5ae8ffd9cdbce1deb8c40cd318d65026cbf5ced47a8ffd26"
url = "https://packslip.dev/v1.3.0/packslip-v1.3.0-linux-x64.tar.xz"
signer = "sigstore-oidc:https://github.com/jdx/packslip/.github/workflows/release.yml"

[tools.packslip."platforms.macos-arm64"]
checksum = "sha256:669f0c1b094b239c041490b079e9c03276656abd1ceb089c98da98c423ca02c9"
url = "https://packslip.dev/v1.3.0/packslip-v1.3.0-darwin-arm64.tar.xz"
signer = "sigstore-oidc:https://github.com/jdx/packslip/.github/workflows/release.yml"

[[tools.python]]
version = "3.14.7"
backend = "core:python"
specifiers = ["latest"]

[tools.python."platforms.linux-arm64"]
checksum = "sha256:8a0798baa8a2c27b5751d590aced543eaa85e20b3f73d93c1af049688acdc9c5"
url = "https://github.com/astral-sh/python-build-standalone/releases/download/20260901/cpython-3.14.7+20260901-aarch64-unknown-linux-gnu-install_only_stripped.tar.gz"
provenance = "github-attestations"

[tools.python."platforms.linux-arm64-musl"]
checksum = "sha256:701c31d72187242302922a29f3bc6023ceb68b6b68fb8d4ed7568d1e6ef34548"
url = "https://github.com/astral-sh/python-build-standalone/releases/download/20260901/cpython-3.14.7+20260901-aarch64-unknown-linux-musl-install_only_stripped.tar.gz"
provenance = "github-attestations"

[tools.python."platforms.linux-x64"]
checksum = "sha256:3959f92825141e04adf44982d3a83ee57af0877e893b0796e04c1468749d9b04"
url = "https://github.com/astral-sh/python-build-standalone/releases/download/20260901/cpython-3.14.7+20260901-x86_64-unknown-linux-gnu-install_only_stripped.tar.gz"
provenance = "github-attestations"

[tools.python."platforms.linux-x64-musl"]
checksum = "sha256:c773f8a7357c0d1a29e208a14bc16386731ca9c0d2e51f1b6741967fb0632cdc"
url = "https://github.com/astral-sh/python-build-standalone/releases/download/20260901/cpython-3.14.7+20260901-x86_64-unknown-linux-musl-install_only_stripped.tar.gz"
provenance = "github-attestations"

[tools.python."platforms.macos-arm64"]
checksum = "sha256:4632cb1a6edad9e73d3c81b6d2e69131637d995173e3e85005df14102b0592ba"
url = "https://github.com/astral-sh/python-build-standalone/releases/download/20260901/cpython-3.14.7+20260901-aarch64-apple-darwin-install_only_stripped.tar.gz"
provenance = "github-attestations"

[tools.python."platforms.macos-x64"]
checksum = "sha256:7e151a7c9028855b61a7d6e78381f2020a1ef185281399f3b1aafc5e1c9a1a64"
url = "https://github.com/astral-sh/python-build-standalone/releases/download/20260901/cpython-3.14.7+20260901-x86_64-apple-darwin-install_only_stripped.tar.gz"
provenance = "github-attestations"

[[tools.zig]]
version = "0.16.0"
backend = "core:zig"
specifiers = ["0.16.0"]

[tools.zig."platforms.linux-arm64"]
checksum = "sha256:ea4b09bfb22ec6f6c6ceac57ab63efb6b46e17ab08d21f69f3a48b38e1534f17"
url = "https://ziglang.org/download/0.16.0/zig-aarch64-linux-0.16.0.tar.xz"

[tools.zig."platforms.linux-arm64-musl"]
checksum = "sha256:ea4b09bfb22ec6f6c6ceac57ab63efb6b46e17ab08d21f69f3a48b38e1534f17"
url = "https://ziglang.org/download/0.16.0/zig-aarch64-linux-0.16.0.tar.xz"

[tools.zig."platforms.linux-x64"]
checksum = "sha256:70e49664a74374b48b51e6f3fdfbf437f6395d42509050588bd49abe52ba3d00"
url = "https://ziglang.org/download/0.16.0/zig-x86_64-linux-0.16.0.tar.xz"

[tools.zig."platforms.linux-x64-musl"]
checksum = "sha256:70e49664a74374b48b51e6f3fdfbf437f6395d42509050588bd49abe52ba3d00"
url = "https://ziglang.org/download/0.16.0/zig-x86_64-linux-0.16.0.tar.xz"

[tools.zig."platforms.macos-arm64"]
checksum = "sha256:b23d70deaa879b5c2d486ed3316f7eaa53e84acf6fc9cc747de152450d401489"
url = "https://ziglang.org/download/0.16.0/zig-aarch64-macos-0.16.0.tar.xz"
provenance = "minisign"

[tools.zig."platforms.macos-x64"]
checksum = "sha256:0387557ed1877bc6a2e1802c8391953baddba76081876301c522f52977b52ba7"
url = "https://ziglang.org/download/0.16.0/zig-x86_64-macos-0.16.0.tar.xz"

[tools.zig."platforms.windows-x64"]
checksum = "sha256:68659eb5f1e4eb1437a722f1dd889c5a322c9954607f5edcf337bc3684a75a7e"
url = "https://ziglang.org/download/0.16.0/zig-x86_64-windows-0.16.0.zip"
