# @generated - this file is auto-generated by `mise lock` https://mise.en.dev/dev-tools/mise-lock.html

[conda-packages.linux-arm64."_openmp_mutex-4.5-20_gnu"]
url = "https://conda.anaconda.org/conda-forge/linux-aarch64/_openmp_mutex-4.5-20_gnu.conda"
checksum = "sha256:a2527b1d81792a0ccd2c05850960df119c2b6d8f5fdec97f2db7d25dc23b1068"

[conda-packages.linux-arm64."libgcc-16.1.0-h205dda4_1"]
url = "https://conda.anaconda.org/conda-forge/linux-aarch64/libgcc-16.1.0-h205dda4_1.conda"
checksum = "sha256:88a3d400c678df034c9d498f32503779977d5ea826063687c663e42c945abed5"

[conda-packages.linux-arm64."libgomp-16.1.0-h8acb6b2_1"]
url = "https://conda.anaconda.org/conda-forge/linux-aarch64/libgomp-16.1.0-h8acb6b2_1.conda"
checksum = "sha256:1c609a4a72597350317b92c4d9dfb85d21740219048e2b1d458925a6ccfa3d7a"

[conda-packages.linux-arm64."liblzma-5.8.3-he30d5cf_0"]
url = "https://conda.anaconda.org/conda-forge/linux-aarch64/liblzma-5.8.3-he30d5cf_0.conda"
checksum = "sha256:d61962b9cd54c3554361550203c64d5b65b71e3058a285b66e4b04b9769f0a5c"

[conda-packages.linux-arm64."libstdcxx-16.1.0-hef695bb_1"]
url = "https://conda.anaconda.org/conda-forge/linux-aarch64/libstdcxx-16.1.0-hef695bb_1.conda"
checksum = "sha256:81ef9a10a0e01ffc7e03d429ed048410153411b2d8bbf95c334bdf3dcf175ab0"

[conda-packages.linux-arm64-musl."_openmp_mutex-4.5-20_gnu"]
url = "https://conda.anaconda.org/conda-forge/linux-aarch64/_openmp_mutex-4.5-20_gnu.conda"
checksum = "sha256:a2527b1d81792a0ccd2c05850960df119c2b6d8f5fdec97f2db7d25dc23b1068"

[conda-packages.linux-arm64-musl."libgcc-16.1.0-h205dda4_1"]
url = "https://conda.anaconda.org/conda-forge/linux-aarch64/libgcc-16.1.0-h205dda4_1.conda"
checksum = "sha256:88a3d400c678df034c9d498f32503779977d5ea826063687c663e42c945abed5"

[conda-packages.linux-arm64-musl."libgomp-16.1.0-h8acb6b2_1"]
url = "https://conda.anaconda.org/conda-forge/linux-aarch64/libgomp-16.1.0-h8acb6b2_1.conda"
checksum = "sha256:1c609a4a72597350317b92c4d9dfb85d21740219048e2b1d458925a6ccfa3d7a"

[conda-packages.linux-arm64-musl."liblzma-5.8.3-he30d5cf_0"]
url = "https://conda.anaconda.org/conda-forge/linux-aarch64/liblzma-5.8.3-he30d5cf_0.conda"
checksum = "sha256:d61962b9cd54c3554361550203c64d5b65b71e3058a285b66e4b04b9769f0a5c"

[conda-packages.linux-arm64-musl."libstdcxx-16.1.0-hef695bb_1"]
url = "https://conda.anaconda.org/conda-forge/linux-aarch64/libstdcxx-16.1.0-hef695bb_1.conda"
checksum = "sha256:81ef9a10a0e01ffc7e03d429ed048410153411b2d8bbf95c334bdf3dcf175ab0"

[conda-packages.macos-arm64."libcxx-22.1.8-h55c6f16_0"]
url = "https://conda.anaconda.org/conda-forge/osx-arm64/libcxx-22.1.8-h55c6f16_0.conda"
checksum = "sha256:a2e7abab5add9750fab064c024394de48e49f97631c605ad5db5c8ac3fc769ef"

[conda-packages.macos-arm64."liblzma-5.8.3-h8088a28_0"]
url = "https://conda.anaconda.org/conda-forge/osx-arm64/liblzma-5.8.3-h8088a28_0.conda"
checksum = "sha256:34878d87275c298f1a732c6806349125cebbf340d24c6c23727268184bba051e"

[conda-packages.macos-x64."libcxx-22.1.8-h19cb2f5_0"]
url = "https://conda.anaconda.org/conda-forge/osx-64/libcxx-22.1.8-h19cb2f5_0.conda"
checksum = "sha256:57ee997f1f800cf38abc743c0f0a9ddfe6a101c697c35510452ce6f4ddf96361"

[conda-packages.macos-x64."liblzma-5.8.3-hbb4bfdb_0"]
url = "https://conda.anaconda.org/conda-forge/osx-64/liblzma-5.8.3-hbb4bfdb_0.conda"
checksum = "sha256:d9e2006051529aec5578c6efeb13bb6a7200a014b2d5a77a579e83a8049d5f3c"

[conda-packages.windows-x64."liblzma-5.8.3-hfd05255_0"]
url = "https://conda.anaconda.org/conda-forge/win-64/liblzma-5.8.3-hfd05255_0.conda"
checksum = "sha256:d636d1a25234063642f9c531a7bb58d84c1c496411280a36ea000bd122f078f1"

[conda-packages.windows-x64."ucrt-10.0.26100.0-h57928b3_0"]
url = "https://conda.anaconda.org/conda-forge/win-64/ucrt-10.0.26100.0-h57928b3_0.conda"
checksum = "sha256:3005729dce6f3d3f5ec91dfc49fc75a0095f9cd23bab49efb899657297ac91a5"

[conda-packages.windows-x64."vc-14.5-ha367084_41"]
url = "https://conda.anaconda.org/conda-forge/win-64/vc-14.5-ha367084_41.conda"
checksum = "sha256:35444c55a92e2f7f7ba26bc70f81e56e52344f7d064c0fd4b40a46a58517b79c"

[conda-packages.windows-x64."vc14_runtime-14.51.36247-habf1de7_41"]
url = "https://conda.anaconda.org/conda-forge/win-64/vc14_runtime-14.51.36247-habf1de7_41.conda"
checksum = "sha256:4e4cb599cdc41bf2109d1464c127b5bcbddf548ce3e322e612afb691338b48f8"

[conda-packages.windows-x64."vcomp14-14.51.36247-habf1de7_41"]
url = "https://conda.anaconda.org/conda-forge/win-64/vcomp14-14.51.36247-habf1de7_41.conda"
checksum = "sha256:731e043390c9457299484d39e427221fc868a9249540a498a5a4f6456c7744d1"

[[tools."conda:7zip"]]
version = "26.02"
backend = "conda:7zip"

[tools."conda:7zip".options]
channel = "conda-forge"

[tools."conda:7zip"."platforms.linux-arm64"]
checksum = "sha256:87cf92f9af864bb01c34eccc5cc4e812bf079155dab70f1729c0438840c88b8c"
url = "https://conda.anaconda.org/conda-forge/linux-aarch64/7zip-26.02-hdc560ac_0.conda"
conda_deps = [
    "libstdcxx-16.1.0-hef695bb_1",
    "libgcc-16.1.0-h205dda4_1",
    "_openmp_mutex-4.5-20_gnu",
    "libgomp-16.1.0-h8acb6b2_1",
]

[tools."conda:7zip"."platforms.linux-arm64-musl"]
checksum = "sha256:87cf92f9af864bb01c34eccc5cc4e812bf079155dab70f1729c0438840c88b8c"
url = "https://conda.anaconda.org/conda-forge/linux-aarch64/7zip-26.02-hdc560ac_0.conda"
conda_deps = [
    "libstdcxx-16.1.0-hef695bb_1",
    "libgcc-16.1.0-h205dda4_1",
    "_openmp_mutex-4.5-20_gnu",
    "libgomp-16.1.0-h8acb6b2_1",
]

[tools."conda:7zip"."platforms.macos-arm64"]
checksum = "sha256:9aa939c0a2dd176e2d05a8e33fbad01561a77dd7d1f9066ed597ef68b090ea89"
url = "https://conda.anaconda.org/conda-forge/osx-arm64/7zip-26.02-h3feff0a_0.conda"
conda_deps = ["libcxx-22.1.8-h55c6f16_0"]

[tools."conda:7zip"."platforms.macos-x64"]
checksum = "sha256:b4ed3e0badc664880a6efc0528d1bc8470e90688391fc84f2dd78310d97291c2"
url = "https://conda.anaconda.org/conda-forge/osx-64/7zip-26.02-hebe015c_0.conda"
conda_deps = ["libcxx-22.1.8-h19cb2f5_0"]

[tools."conda:7zip"."platforms.windows-x64"]
checksum = "sha256:fb8a7a2e57a504f87fc87ef658ac3b70df977bbde09831d3f081d695ef52b07f"
url = "https://conda.anaconda.org/conda-forge/win-64/7zip-26.02-h477610d_0.conda"
conda_deps = [
    "vc-14.5-ha367084_41",
    "vc14_runtime-14.51.36247-habf1de7_41",
    "vcomp14-14.51.36247-habf1de7_41",
    "ucrt-10.0.26100.0-h57928b3_0",
]

[[tools."conda:xz-tools"]]
version = "5.8.3"
backend = "conda:xz-tools"

[tools."conda:xz-tools".options]
channel = "conda-forge"

[tools."conda:xz-tools"."platforms.linux-arm64"]
checksum = "sha256:86d48bb0ac214d1d72e05e765523d5847f3ccd872c142304d3c307cc95c93881"
url = "https://conda.anaconda.org/conda-forge/linux-aarch64/xz-tools-5.8.3-he30d5cf_0.conda"
conda_deps = [
    "liblzma-5.8.3-he30d5cf_0",
    "libgcc-16.1.0-h205dda4_1",
    "_openmp_mutex-4.5-20_gnu",
    "libgomp-16.1.0-h8acb6b2_1",
]

[tools."conda:xz-tools"."platforms.linux-arm64-musl"]
checksum = "sha256:86d48bb0ac214d1d72e05e765523d5847f3ccd872c142304d3c307cc95c93881"
url = "https://conda.anaconda.org/conda-forge/linux-aarch64/xz-tools-5.8.3-he30d5cf_0.conda"
conda_deps = [
    "liblzma-5.8.3-he30d5cf_0",
    "libgcc-16.1.0-h205dda4_1",
    "_openmp_mutex-4.5-20_gnu",
    "libgomp-16.1.0-h8acb6b2_1",
]

[tools."conda:xz-tools"."platforms.macos-arm64"]
checksum = "sha256:beb7fb34d5517cce06f5f89710de7108a8ca65ed9c0324269fc0446807bcbd91"
url = "https://conda.anaconda.org/conda-forge/osx-arm64/xz-tools-5.8.3-h8088a28_0.conda"
conda_deps = ["liblzma-5.8.3-h8088a28_0"]

[tools."conda:xz-tools"."platforms.macos-x64"]
checksum = "sha256:57fc818b986bf86c5dec503047d5ba2f97bf76f2de225a3e6fea0c87c6e973dd"
url = "https://conda.anaconda.org/conda-forge/osx-64/xz-tools-5.8.3-hbb4bfdb_0.conda"
conda_deps = ["liblzma-5.8.3-hbb4bfdb_0"]

[tools."conda:xz-tools"."platforms.windows-x64"]
checksum = "sha256:96b8212ff33dd8a1df8c0f69c0ad7b3551496c3068576408c0bedf9260febae2"
url = "https://conda.anaconda.org/conda-forge/win-64/xz-tools-5.8.3-hfd05255_0.conda"
conda_deps = [
    "liblzma-5.8.3-hfd05255_0",
    "ucrt-10.0.26100.0-h57928b3_0",
    "vc-14.5-ha367084_41",
    "vc14_runtime-14.51.36247-habf1de7_41",
    "vcomp14-14.51.36247-habf1de7_41",
]

[[tools.elixir]]
version = "1.20.0-otp-29"
backend = "core:elixir"

[tools.elixir."platforms.linux-arm64"]
checksum = "sha256:eb04bbe0748cfc1414081a005c711a102d0b3f551ff96cc8cff81b0e7d468f19"
url = "https://builds.hex.pm/builds/elixir/v1.20.0-otp-29.zip"

[tools.elixir."platforms.linux-arm64-musl"]
checksum = "sha256:eb04bbe0748cfc1414081a005c711a102d0b3f551ff96cc8cff81b0e7d468f19"
url = "https://builds.hex.pm/builds/elixir/v1.20.0-otp-29.zip"

[tools.elixir."platforms.linux-x64"]
checksum = "sha256:eb04bbe0748cfc1414081a005c711a102d0b3f551ff96cc8cff81b0e7d468f19"
url = "https://builds.hex.pm/builds/elixir/v1.20.0-otp-29.zip"

[tools.elixir."platforms.linux-x64-musl"]
checksum = "sha256:eb04bbe0748cfc1414081a005c711a102d0b3f551ff96cc8cff81b0e7d468f19"
url = "https://builds.hex.pm/builds/elixir/v1.20.0-otp-29.zip"

[tools.elixir."platforms.macos-arm64"]
checksum = "sha256:eb04bbe0748cfc1414081a005c711a102d0b3f551ff96cc8cff81b0e7d468f19"
url = "https://builds.hex.pm/builds/elixir/v1.20.0-otp-29.zip"

[tools.elixir."platforms.macos-x64"]
checksum = "sha256:eb04bbe0748cfc1414081a005c711a102d0b3f551ff96cc8cff81b0e7d468f19"
url = "https://builds.hex.pm/builds/elixir/v1.20.0-otp-29.zip"

[tools.elixir."platforms.windows-x64"]
checksum = "sha256:eb04bbe0748cfc1414081a005c711a102d0b3f551ff96cc8cff81b0e7d468f19"
url = "https://builds.hex.pm/builds/elixir/v1.20.0-otp-29.zip"

[[tools.erlang]]
version = "29.0.2"
backend = "core:erlang"

[tools.erlang."platforms.linux-arm64-musl"]
checksum = "sha256:b9a7714fdd282c4a7113651b1e2728a58799e60ffe20e545f5cc94c621527b15"
url = "https://github.com/erlang/otp/releases/download/OTP-29.0.2/otp_src_29.0.2.tar.gz"
url_api = "https://api.github.com/repos/erlang/otp/releases/assets/443592302"
install = "source"

[tools.erlang."platforms.linux-x64-musl"]
checksum = "sha256:b9a7714fdd282c4a7113651b1e2728a58799e60ffe20e545f5cc94c621527b15"
url = "https://github.com/erlang/otp/releases/download/OTP-29.0.2/otp_src_29.0.2.tar.gz"
url_api = "https://api.github.com/repos/erlang/otp/releases/assets/443592302"
install = "source"

[tools.erlang."platforms.macos-arm64"]
checksum = "sha256:ec6e09dee496adf646b0a22eef26b769e7f8032c83dd10292c58d50fb38e2210"
url = "https://github.com/erlef/otp_builds/releases/download/OTP-29.0.2/otp-aarch64-apple-darwin.tar.gz"
url_api = "https://api.github.com/repos/erlef/otp_builds/releases/assets/443541329"

[tools.erlang."platforms.macos-x64"]
checksum = "sha256:3da4495ce6372f5fda002ed1ae45832a11e05aaa9928790e0bf1d14e3ee84657"
url = "https://github.com/erlef/otp_builds/releases/download/OTP-29.0.2/otp-x86_64-apple-darwin.tar.gz"
url_api = "https://api.github.com/repos/erlef/otp_builds/releases/assets/443557769"

[tools.erlang."platforms.windows-x64"]
checksum = "sha256:dffd5fca2e841267bfb4e961c38bb18436a4b55548deae727d5691a984f7b80f"
url = "https://github.com/erlang/otp/releases/download/OTP-29.0.2/otp_win64_29.0.2.zip"
url_api = "https://api.github.com/repos/erlang/otp/releases/assets/443733928"

[[tools.erlang]]
version = "29.0.2"
backend = "core:erlang"

[tools.erlang.options]
precompiled_os = "ubuntu-24.04"

[tools.erlang."platforms.linux-arm64"]
url = "https://builds.hex.pm/builds/otp/arm64/ubuntu-24.04/OTP-29.0.2.tar.gz"

[tools.erlang."platforms.linux-x64"]
url = "https://builds.hex.pm/builds/otp/amd64/ubuntu-24.04/OTP-29.0.2.tar.gz"

[[tools.zig]]
version = "0.16.0"
backend = "core:zig"

[tools.zig."platforms.linux-arm64"]
checksum = "sha256:ea4b09bfb22ec6f6c6ceac57ab63efb6b46e17ab08d21f69f3a48b38e1534f17"
url = "https://ziglang.org/download/0.16.0/zig-aarch64-linux-0.16.0.tar.xz"

[tools.zig."platforms.linux-arm64-musl"]
checksum = "sha256:ea4b09bfb22ec6f6c6ceac57ab63efb6b46e17ab08d21f69f3a48b38e1534f17"
url = "https://ziglang.org/download/0.16.0/zig-aarch64-linux-0.16.0.tar.xz"

[tools.zig."platforms.linux-x64"]
checksum = "sha256:70e49664a74374b48b51e6f3fdfbf437f6395d42509050588bd49abe52ba3d00"
url = "https://ziglang.org/download/0.16.0/zig-x86_64-linux-0.16.0.tar.xz"

[tools.zig."platforms.linux-x64-musl"]
checksum = "sha256:70e49664a74374b48b51e6f3fdfbf437f6395d42509050588bd49abe52ba3d00"
url = "https://ziglang.org/download/0.16.0/zig-x86_64-linux-0.16.0.tar.xz"

[tools.zig."platforms.macos-arm64"]
checksum = "sha256:b23d70deaa879b5c2d486ed3316f7eaa53e84acf6fc9cc747de152450d401489"
url = "https://ziglang.org/download/0.16.0/zig-aarch64-macos-0.16.0.tar.xz"

[tools.zig."platforms.macos-x64"]
checksum = "sha256:0387557ed1877bc6a2e1802c8391953baddba76081876301c522f52977b52ba7"
url = "https://ziglang.org/download/0.16.0/zig-x86_64-macos-0.16.0.tar.xz"

[tools.zig."platforms.windows-x64"]
checksum = "sha256:68659eb5f1e4eb1437a722f1dd889c5a322c9954607f5edcf337bc3684a75a7e"
url = "https://ziglang.org/download/0.16.0/zig-x86_64-windows-0.16.0.zip"
